
Microsoft Visual Studio Solution File, Format Version 12.00
Project("{FAE04EC0-301F-11D3-BF4B-00C04F79EFBC}") = "TelegaEngBot", "TelegaEngBot\TelegaEngBot.csproj", "{071FAB6A-23BE-46F9-9128-AF9E8367FFAC}"
EndProject
Global
	GlobalSection(SolutionConfigurationPlatforms) = preSolution
		Debug|Any CPU = Debug|Any CPU
		Release|Any CPU = Release|Any CPU
	EndGlobalSection
	GlobalSection(ProjectConfigurationPlatforms) = postSolution
		{071FAB6A-23BE-46F9-9128-AF9E8367FFAC}.Debug|Any CPU.ActiveCfg = Debug|Any CPU
		{071FAB6A-23BE-46F9-9128-AF9E8367FFAC}.Debug|Any CPU.Build.0 = Debug|Any CPU
		{071FAB6A-23BE-46F9-9128-AF9E8367FFAC}.Release|Any CPU.ActiveCfg = Release|Any CPU
		{071FAB6A-23BE-46F9-9128-AF9E8367FFAC}.Release|Any CPU.Build.0 = Release|Any CPU
	EndGlobalSection
EndGlobal
